
Microsoft Visual Studio Solution File, Format Version 12.00
# Visual Studio 15
VisualStudioVersion = 15.0.26430.6
MinimumVisualStudioVersion = 10.0.40219.1
Project("{FAE04EC0-301F-11D3-BF4B-00C04F79EFBC}") = "InverseTest", "InverseTest\InverseTest.csproj", "{55CE4C0B-740E-406D-8A36-ADD4F8E14D84}"
	ProjectSection(ProjectDependencies) = postProject
		{BFBCB61A-4F3D-48FD-912A-F15E7933B78B} = {BFBCB61A-4F3D-48FD-912A-F15E7933B78B}
	EndProjectSection
EndProject
Project("{FAE04EC0-301F-11D3-BF4B-00C04F79EFBC}") = "InverseTetsUnitTests", "InverseTetsUnitTests\InverseTetsUnitTests.csproj", "{3683B4A3-950E-4D6C-AB69-0DEB247EC73E}"
EndProject
Project("{FAE04EC0-301F-11D3-BF4B-00C04F79EFBC}") = "Manipulator.GRBL", "Manipulator.GRBL\Manipulator.GRBL.csproj", "{BFBCB61A-4F3D-48FD-912A-F15E7933B78B}"
EndProject
Global
	GlobalSection(SolutionConfigurationPlatforms) = preSolution
		Debug|Any CPU = Debug|Any CPU
		Release|Any CPU = Release|Any CPU
	EndGlobalSection
	GlobalSection(ProjectConfigurationPlatforms) = postSolution
		{55CE4C0B-740E-406D-8A36-ADD4F8E14D84}.Debug|Any CPU.ActiveCfg = Debug|Any CPU
		{55CE4C0B-740E-406D-8A36-ADD4F8E14D84}.Debug|Any CPU.Build.0 = Debug|Any CPU
		{55CE4C0B-740E-406D-8A36-ADD4F8E14D84}.Release|Any CPU.ActiveCfg = Release|Any CPU
		{55CE4C0B-740E-406D-8A36-ADD4F8E14D84}.Release|Any CPU.Build.0 = Release|Any CPU
		{3683B4A3-950E-4D6C-AB69-0DEB247EC73E}.Debug|Any CPU.ActiveCfg = Debug|Any CPU
		{3683B4A3-950E-4D6C-AB69-0DEB247EC73E}.Debug|Any CPU.Build.0 = Debug|Any CPU
		{3683B4A3-950E-4D6C-AB69-0DEB247EC73E}.Release|Any CPU.ActiveCfg = Release|Any CPU
		{3683B4A3-950E-4D6C-AB69-0DEB247EC73E}.Release|Any CPU.Build.0 = Release|Any CPU
		{BFBCB61A-4F3D-48FD-912A-F15E7933B78B}.Debug|Any CPU.ActiveCfg = Debug|Any CPU
		{BFBCB61A-4F3D-48FD-912A-F15E7933B78B}.Debug|Any CPU.Build.0 = Debug|Any CPU
		{BFBCB61A-4F3D-48FD-912A-F15E7933B78B}.Release|Any CPU.ActiveCfg = Release|Any CPU
		{BFBCB61A-4F3D-48FD-912A-F15E7933B78B}.Release|Any CPU.Build.0 = Release|Any CPU
	EndGlobalSection
	GlobalSection(SolutionProperties) = preSolution
		HideSolutionNode = FALSE
	EndGlobalSection
	GlobalSection(ExtensibilityGlobals) = postSolution
		SolutionGuid = {0C593DEA-6E1E-47E0-8ADD-CCA107CB21D9}
	EndGlobalSection
EndGlobal
